
Microsoft Visual Studio Solution File, Format Version 12.00
# Visual Studio Version 16
VisualStudioVersion = 16.0.28803.452
MinimumVisualStudioVersion = 10.0.40219.1
Project("{2150E333-8FDC-42A3-9474-1A3956D46DE8}") = "Application", "Application", "{5442354D-11D8-4971-9C50-569F8D2E982F}"
EndProject
Project("{2150E333-8FDC-42A3-9474-1A3956D46DE8}") = "Domain", "Domain", "{68F92D9F-46BA-45FE-974C-FEF865A0683B}"
EndProject
Project("{2150E333-8FDC-42A3-9474-1A3956D46DE8}") = "Framework", "Framework", "{22D8D119-4F42-427E-9B14-8FF4FE8CC722}"
EndProject
Project("{2150E333-8FDC-42A3-9474-1A3956D46DE8}") = "Infrastructure", "Infrastructure", "{FE1A975E-4A44-4FD3-8C43-CE29DD619FE1}"
EndProject
Project("{FAE04EC0-301F-11D3-BF4B-00C04F79EFBC}") = "CoreApplication", "Application\CoreApplication\CoreApplication.csproj", "{9979196F-3E72-40CE-8D5D-82116456FAE5}"
EndProject
Project("{FAE04EC0-301F-11D3-BF4B-00C04F79EFBC}") = "Helpers", "Framework\Helpers\Helpers.csproj", "{673FB4B5-EADC-4D66-BC7F-97D485744DE1}"
EndProject
Project("{FAE04EC0-301F-11D3-BF4B-00C04F79EFBC}") = "DB", "Infrastructure\DB\DB.csproj", "{776B9811-E3E0-4980-B52C-156A15AE018B}"
EndProject
Project("{FAE04EC0-301F-11D3-BF4B-00C04F79EFBC}") = "Windsor", "Infrastructure\Windsor\Windsor.csproj", "{D9BFE565-F763-4D8C-BAB6-F34366B8AD38}"
EndProject
Project("{FAE04EC0-301F-11D3-BF4B-00C04F79EFBC}") = "CoreInterfaces", "Application\CoreInterfaces\CoreInterfaces.csproj", "{10837933-DA6D-4127-BB2A-F4A1FB10487F}"
EndProject
Project("{00D1A9C2-B5F0-4AF3-8072-F6C62B433612}") = "Database", "SQL\Base Application Database\Database.sqlproj", "{86E49AA0-56BE-440D-A9EF-A01542B45E20}"
EndProject
Project("{FAE04EC0-301F-11D3-BF4B-00C04F79EFBC}") = "Cryptography", "Framework\Cryptography\Cryptography.csproj", "{A371CDB0-1DD0-4369-890B-040DEF1733CB}"
EndProject
Project("{FAE04EC0-301F-11D3-BF4B-00C04F79EFBC}") = "Facebook", "Framework\Facebook\Facebook.csproj", "{DA3BCA2D-E8D1-4025-B574-3FFDFCDDB175}"
EndProject
Project("{FAE04EC0-301F-11D3-BF4B-00C04F79EFBC}") = "Security", "Infrastructure\Security\Security.csproj", "{634905DB-05FC-437C-8DB1-C85495FC72F5}"
EndProject
Project("{FAE04EC0-301F-11D3-BF4B-00C04F79EFBC}") = "Configuration", "Infrastructure\Configuration\Configuration.csproj", "{6ECFD33C-C5B4-4679-8B4F-E95F93EE218E}"
EndProject
Project("{FAE04EC0-301F-11D3-BF4B-00C04F79EFBC}") = "WarehouseStoredProcedure", "Domain\WarehouseStoredProcedure\WarehouseStoredProcedure.csproj", "{ACCB11C1-8C6B-433F-B2A4-2B0048D4A58E}"
EndProject
Project("{2150E333-8FDC-42A3-9474-1A3956D46DE8}") = "User Interface", "User Interface", "{14905E73-62DC-4E3C-A10A-2732927642D5}"
EndProject
Project("{FAE04EC0-301F-11D3-BF4B-00C04F79EFBC}") = "VirtualPages", "User Interface\VirtualPages\VirtualPages.csproj", "{7E8B3ED3-1C91-45A8-B6F6-DDCABB48AF0D}"
EndProject
Project("{FAE04EC0-301F-11D3-BF4B-00C04F79EFBC}") = "MailManager", "Domain\MailManager\MailManager.csproj", "{603741C0-8279-43D0-8B52-40E93782E4D9}"
EndProject
Project("{FAE04EC0-301F-11D3-BF4B-00C04F79EFBC}") = "Messenger", "Domain\Messenger\Messenger.csproj", "{E96286DB-7787-4607-B5C3-71D470B546CB}"
EndProject
Project("{FAE04EC0-301F-11D3-BF4B-00C04F79EFBC}") = "Users", "Domain\Users\Users.csproj", "{D531A7C7-B641-4E92-A050-11D152C8F395}"
EndProject
Project("{FAE04EC0-301F-11D3-BF4B-00C04F79EFBC}") = "Sessions", "Domain\Sessions\Sessions.csproj", "{905411F7-C552-43B5-8A5B-37F3753E2358}"
EndProject
Project("{FAE04EC0-301F-11D3-BF4B-00C04F79EFBC}") = "InterceptorController", "Infrastructure\InterceptorController\InterceptorController.csproj", "{29A66677-771C-40D5-A638-B7A58DAB2BCF}"
EndProject
Project("{FAE04EC0-301F-11D3-BF4B-00C04F79EFBC}") = "DomainConfiguration", "Domain\Configuration\DomainConfiguration.csproj", "{43A0B2D5-14B4-46B6-B31A-657DF49222D4}"
EndProject
Project("{FAE04EC0-301F-11D3-BF4B-00C04F79EFBC}") = "MongoDB", "Infrastructure\MongoDB\MongoDB.csproj", "{737FABB5-3E71-410D-8EC8-357A1D881E60}"
EndProject
Project("{FAE04EC0-301F-11D3-BF4B-00C04F79EFBC}") = "VirtualPagesManager", "Infrastructure\VirtualPage\VirtualPagesManager.csproj", "{7736938D-4E6F-4D96-BC16-889B4C919009}"
EndProject
Project("{FAE04EC0-301F-11D3-BF4B-00C04F79EFBC}") = "DeployManager", "Domain\DeployManager\DeployManager.csproj", "{C15C0077-0EC6-48A9-932D-25E2DC2AA79C}"
EndProject
Project("{FAE04EC0-301F-11D3-BF4B-00C04F79EFBC}") = "ExceptionManagaer", "Domain\ExceptionManagaer\ExceptionManagaer.csproj", "{39564F04-823C-4194-831B-82FDB0E554AA}"
EndProject
Project("{FAE04EC0-301F-11D3-BF4B-00C04F79EFBC}") = "TranslationManager", "Infrastructure\TranslationManager\TranslationManager.csproj", "{E01217AF-C02C-4A35-B79D-E1B13884FFF8}"
EndProject
Project("{2150E333-8FDC-42A3-9474-1A3956D46DE8}") = "Testing", "Testing", "{621DAB91-CACA-4808-B738-8302CD2983E1}"
EndProject
Project("{FAE04EC0-301F-11D3-BF4B-00C04F79EFBC}") = "DesktopApp", "Testing\DesktopApp\DesktopApp.csproj", "{AE3FD99E-AC09-4728-B36E-3BADA4D945A2}"
EndProject
Project("{FAE04EC0-301F-11D3-BF4B-00C04F79EFBC}") = "UnitTest", "Testing\UnitTest\UnitTest.csproj", "{E4E17C00-8B15-47C1-BF25-81A02E82702D}"
EndProject
Project("{FAE04EC0-301F-11D3-BF4B-00C04F79EFBC}") = "WebApp", "Testing\WebApp\WebApp.csproj", "{46BD9B86-550D-49C2-99ED-FD49E0A82442}"
EndProject
Project("{FAE04EC0-301F-11D3-BF4B-00C04F79EFBC}") = "FileManager", "Infrastructure\FileManager\FileManager.csproj", "{B4D4117B-6002-444A-8B15-458CDBE47F21}"
EndProject
Project("{FAE04EC0-301F-11D3-BF4B-00C04F79EFBC}") = "BaseUnitTesting", "Infrastructure\BaseUnitTesting\BaseUnitTesting.csproj", "{E257DDDC-F5F6-4A53-90B0-5337E69C74FD}"
EndProject
Project("{FAE04EC0-301F-11D3-BF4B-00C04F79EFBC}") = "HubService", "Domain\BroadcastManager\HubService.csproj", "{C962D108-6364-40A3-BE93-83C2D0E34874}"
EndProject
Project("{FAE04EC0-301F-11D3-BF4B-00C04F79EFBC}") = "LogManager", "Domain\LogManager\LogManager.csproj", "{6816FC48-681F-417C-A4AE-326A06882993}"
EndProject
Project("{FAE04EC0-301F-11D3-BF4B-00C04F79EFBC}") = "LogHandler", "Framework\LogHandler\LogHandler.csproj", "{5F692DF2-81B5-4F42-A669-BD7D7A8713C1}"
EndProject
Project("{FAE04EC0-301F-11D3-BF4B-00C04F79EFBC}") = "SchedulerJob", "Framework\SchedulerJob\SchedulerJob.csproj", "{E1AC90CF-1D2D-4C14-A8D4-3C6C0E4F0BB6}"
EndProject
Global
	GlobalSection(SolutionConfigurationPlatforms) = preSolution
		Debug|Any CPU = Debug|Any CPU
		Debug|x64 = Debug|x64
		Debug|x86 = Debug|x86
		Release|Any CPU = Release|Any CPU
		Release|x64 = Release|x64
		Release|x86 = Release|x86
	EndGlobalSection
	GlobalSection(ProjectConfigurationPlatforms) = postSolution
		{9979196F-3E72-40CE-8D5D-82116456FAE5}.Debug|Any CPU.ActiveCfg = Debug|Any CPU
		{9979196F-3E72-40CE-8D5D-82116456FAE5}.Debug|Any CPU.Build.0 = Debug|Any CPU
		{9979196F-3E72-40CE-8D5D-82116456FAE5}.Debug|x64.ActiveCfg = Debug|Any CPU
		{9979196F-3E72-40CE-8D5D-82116456FAE5}.Debug|x64.Build.0 = Debug|Any CPU
		{9979196F-3E72-40CE-8D5D-82116456FAE5}.Debug|x86.ActiveCfg = Debug|x86
		{9979196F-3E72-40CE-8D5D-82116456FAE5}.Debug|x86.Build.0 = Debug|x86
		{9979196F-3E72-40CE-8D5D-82116456FAE5}.Release|Any CPU.ActiveCfg = Release|Any CPU
		{9979196F-3E72-40CE-8D5D-82116456FAE5}.Release|Any CPU.Build.0 = Release|Any CPU
		{9979196F-3E72-40CE-8D5D-82116456FAE5}.Release|x64.ActiveCfg = Release|x64
		{9979196F-3E72-40CE-8D5D-82116456FAE5}.Release|x64.Build.0 = Release|x64
		{9979196F-3E72-40CE-8D5D-82116456FAE5}.Release|x86.ActiveCfg = Release|x86
		{9979196F-3E72-40CE-8D5D-82116456FAE5}.Release|x86.Build.0 = Release|x86
		{673FB4B5-EADC-4D66-BC7F-97D485744DE1}.Debug|Any CPU.ActiveCfg = Debug|Any CPU
		{673FB4B5-EADC-4D66-BC7F-97D485744DE1}.Debug|Any CPU.Build.0 = Debug|Any CPU
		{673FB4B5-EADC-4D66-BC7F-97D485744DE1}.Debug|x64.ActiveCfg = Debug|Any CPU
		{673FB4B5-EADC-4D66-BC7F-97D485744DE1}.Debug|x64.Build.0 = Debug|Any CPU
		{673FB4B5-EADC-4D66-BC7F-97D485744DE1}.Debug|x86.ActiveCfg = Debug|x86
		{673FB4B5-EADC-4D66-BC7F-97D485744DE1}.Debug|x86.Build.0 = Debug|x86
		{673FB4B5-EADC-4D66-BC7F-97D485744DE1}.Release|Any CPU.ActiveCfg = Release|Any CPU
		{673FB4B5-EADC-4D66-BC7F-97D485744DE1}.Release|Any CPU.Build.0 = Release|Any CPU
		{673FB4B5-EADC-4D66-BC7F-97D485744DE1}.Release|x64.ActiveCfg = Release|x64
		{673FB4B5-EADC-4D66-BC7F-97D485744DE1}.Release|x64.Build.0 = Release|x64
		{673FB4B5-EADC-4D66-BC7F-97D485744DE1}.Release|x86.ActiveCfg = Release|x86
		{673FB4B5-EADC-4D66-BC7F-97D485744DE1}.Release|x86.Build.0 = Release|x86
		{776B9811-E3E0-4980-B52C-156A15AE018B}.Debug|Any CPU.ActiveCfg = Debug|Any CPU
		{776B9811-E3E0-4980-B52C-156A15AE018B}.Debug|Any CPU.Build.0 = Debug|Any CPU
		{776B9811-E3E0-4980-B52C-156A15AE018B}.Debug|x64.ActiveCfg = Debug|Any CPU
		{776B9811-E3E0-4980-B52C-156A15AE018B}.Debug|x64.Build.0 = Debug|Any CPU
		{776B9811-E3E0-4980-B52C-156A15AE018B}.Debug|x86.ActiveCfg = Debug|x86
		{776B9811-E3E0-4980-B52C-156A15AE018B}.Debug|x86.Build.0 = Debug|x86
		{776B9811-E3E0-4980-B52C-156A15AE018B}.Release|Any CPU.ActiveCfg = Release|Any CPU
		{776B9811-E3E0-4980-B52C-156A15AE018B}.Release|Any CPU.Build.0 = Release|Any CPU
		{776B9811-E3E0-4980-B52C-156A15AE018B}.Release|x64.ActiveCfg = Release|x64
		{776B9811-E3E0-4980-B52C-156A15AE018B}.Release|x64.Build.0 = Release|x64
		{776B9811-E3E0-4980-B52C-156A15AE018B}.Release|x86.ActiveCfg = Release|x86
		{776B9811-E3E0-4980-B52C-156A15AE018B}.Release|x86.Build.0 = Release|x86
		{D9BFE565-F763-4D8C-BAB6-F34366B8AD38}.Debug|Any CPU.ActiveCfg = Debug|Any CPU
		{D9BFE565-F763-4D8C-BAB6-F34366B8AD38}.Debug|Any CPU.Build.0 = Debug|Any CPU
		{D9BFE565-F763-4D8C-BAB6-F34366B8AD38}.Debug|x64.ActiveCfg = Debug|Any CPU
		{D9BFE565-F763-4D8C-BAB6-F34366B8AD38}.Debug|x64.Build.0 = Debug|Any CPU
		{D9BFE565-F763-4D8C-BAB6-F34366B8AD38}.Debug|x86.ActiveCfg = Debug|x86
		{D9BFE565-F763-4D8C-BAB6-F34366B8AD38}.Debug|x86.Build.0 = Debug|x86
		{D9BFE565-F763-4D8C-BAB6-F34366B8AD38}.Release|Any CPU.ActiveCfg = Release|Any CPU
		{D9BFE565-F763-4D8C-BAB6-F34366B8AD38}.Release|Any CPU.Build.0 = Release|Any CPU
		{D9BFE565-F763-4D8C-BAB6-F34366B8AD38}.Release|x64.ActiveCfg = Release|x64
		{D9BFE565-F763-4D8C-BAB6-F34366B8AD38}.Release|x64.Build.0 = Release|x64
		{D9BFE565-F763-4D8C-BAB6-F34366B8AD38}.Release|x86.ActiveCfg = Release|x86
		{D9BFE565-F763-4D8C-BAB6-F34366B8AD38}.Release|x86.Build.0 = Release|x86
		{10837933-DA6D-4127-BB2A-F4A1FB10487F}.Debug|Any CPU.ActiveCfg = Debug|Any CPU
		{10837933-DA6D-4127-BB2A-F4A1FB10487F}.Debug|Any CPU.Build.0 = Debug|Any CPU
		{10837933-DA6D-4127-BB2A-F4A1FB10487F}.Debug|x64.ActiveCfg = Debug|Any CPU
		{10837933-DA6D-4127-BB2A-F4A1FB10487F}.Debug|x64.Build.0 = Debug|Any CPU
		{10837933-DA6D-4127-BB2A-F4A1FB10487F}.Debug|x86.ActiveCfg = Debug|x86
		{10837933-DA6D-4127-BB2A-F4A1FB10487F}.Debug|x86.Build.0 = Debug|x86
		{10837933-DA6D-4127-BB2A-F4A1FB10487F}.Release|Any CPU.ActiveCfg = Release|Any CPU
		{10837933-DA6D-4127-BB2A-F4A1FB10487F}.Release|Any CPU.Build.0 = Release|Any CPU
		{10837933-DA6D-4127-BB2A-F4A1FB10487F}.Release|x64.ActiveCfg = Release|x64
		{10837933-DA6D-4127-BB2A-F4A1FB10487F}.Release|x64.Build.0 = Release|x64
		{10837933-DA6D-4127-BB2A-F4A1FB10487F}.Release|x86.ActiveCfg = Release|x86
		{10837933-DA6D-4127-BB2A-F4A1FB10487F}.Release|x86.Build.0 = Release|x86
		{86E49AA0-56BE-440D-A9EF-A01542B45E20}.Debug|Any CPU.ActiveCfg = Debug|Any CPU
		{86E49AA0-56BE-440D-A9EF-A01542B45E20}.Debug|Any CPU.Build.0 = Debug|Any CPU
		{86E49AA0-56BE-440D-A9EF-A01542B45E20}.Debug|x64.ActiveCfg = Debug|Any CPU
		{86E49AA0-56BE-440D-A9EF-A01542B45E20}.Debug|x64.Build.0 = Debug|Any CPU
		{86E49AA0-56BE-440D-A9EF-A01542B45E20}.Debug|x64.Deploy.0 = Debug|Any CPU
		{86E49AA0-56BE-440D-A9EF-A01542B45E20}.Debug|x86.ActiveCfg = Debug|x86
		{86E49AA0-56BE-440D-A9EF-A01542B45E20}.Debug|x86.Build.0 = Debug|x86
		{86E49AA0-56BE-440D-A9EF-A01542B45E20}.Debug|x86.Deploy.0 = Debug|x86
		{86E49AA0-56BE-440D-A9EF-A01542B45E20}.Release|Any CPU.ActiveCfg = Release|Any CPU
		{86E49AA0-56BE-440D-A9EF-A01542B45E20}.Release|Any CPU.Build.0 = Release|Any CPU
		{86E49AA0-56BE-440D-A9EF-A01542B45E20}.Release|x64.ActiveCfg = Release|x64
		{86E49AA0-56BE-440D-A9EF-A01542B45E20}.Release|x64.Build.0 = Release|x64
		{86E49AA0-56BE-440D-A9EF-A01542B45E20}.Release|x64.Deploy.0 = Release|x64
		{86E49AA0-56BE-440D-A9EF-A01542B45E20}.Release|x86.ActiveCfg = Release|x86
		{86E49AA0-56BE-440D-A9EF-A01542B45E20}.Release|x86.Build.0 = Release|x86
		{86E49AA0-56BE-440D-A9EF-A01542B45E20}.Release|x86.Deploy.0 = Release|x86
		{A371CDB0-1DD0-4369-890B-040DEF1733CB}.Debug|Any CPU.ActiveCfg = Debug|Any CPU
		{A371CDB0-1DD0-4369-890B-040DEF1733CB}.Debug|Any CPU.Build.0 = Debug|Any CPU
		{A371CDB0-1DD0-4369-890B-040DEF1733CB}.Debug|x64.ActiveCfg = Debug|Any CPU
		{A371CDB0-1DD0-4369-890B-040DEF1733CB}.Debug|x64.Build.0 = Debug|Any CPU
		{A371CDB0-1DD0-4369-890B-040DEF1733CB}.Debug|x86.ActiveCfg = Debug|x86
		{A371CDB0-1DD0-4369-890B-040DEF1733CB}.Debug|x86.Build.0 = Debug|x86
		{A371CDB0-1DD0-4369-890B-040DEF1733CB}.Release|Any CPU.ActiveCfg = Release|Any CPU
		{A371CDB0-1DD0-4369-890B-040DEF1733CB}.Release|Any CPU.Build.0 = Release|Any CPU
		{A371CDB0-1DD0-4369-890B-040DEF1733CB}.Release|x64.ActiveCfg = Release|x64
		{A371CDB0-1DD0-4369-890B-040DEF1733CB}.Release|x64.Build.0 = Release|x64
		{A371CDB0-1DD0-4369-890B-040DEF1733CB}.Release|x86.ActiveCfg = Release|x86
		{A371CDB0-1DD0-4369-890B-040DEF1733CB}.Release|x86.Build.0 = Release|x86
		{DA3BCA2D-E8D1-4025-B574-3FFDFCDDB175}.Debug|Any CPU.ActiveCfg = Debug|Any CPU
		{DA3BCA2D-E8D1-4025-B574-3FFDFCDDB175}.Debug|Any CPU.Build.0 = Debug|Any CPU
		{DA3BCA2D-E8D1-4025-B574-3FFDFCDDB175}.Debug|x64.ActiveCfg = Debug|Any CPU
		{DA3BCA2D-E8D1-4025-B574-3FFDFCDDB175}.Debug|x64.Build.0 = Debug|Any CPU
		{DA3BCA2D-E8D1-4025-B574-3FFDFCDDB175}.Debug|x86.ActiveCfg = Debug|x86
		{DA3BCA2D-E8D1-4025-B574-3FFDFCDDB175}.Debug|x86.Build.0 = Debug|x86
		{DA3BCA2D-E8D1-4025-B574-3FFDFCDDB175}.Release|Any CPU.ActiveCfg = Release|Any CPU
		{DA3BCA2D-E8D1-4025-B574-3FFDFCDDB175}.Release|Any CPU.Build.0 = Release|Any CPU
		{DA3BCA2D-E8D1-4025-B574-3FFDFCDDB175}.Release|x64.ActiveCfg = Release|x64
		{DA3BCA2D-E8D1-4025-B574-3FFDFCDDB175}.Release|x64.Build.0 = Release|x64
		{DA3BCA2D-E8D1-4025-B574-3FFDFCDDB175}.Release|x86.ActiveCfg = Release|x86
		{DA3BCA2D-E8D1-4025-B574-3FFDFCDDB175}.Release|x86.Build.0 = Release|x86
		{634905DB-05FC-437C-8DB1-C85495FC72F5}.Debug|Any CPU.ActiveCfg = Debug|Any CPU
		{634905DB-05FC-437C-8DB1-C85495FC72F5}.Debug|Any CPU.Build.0 = Debug|Any CPU
		{634905DB-05FC-437C-8DB1-C85495FC72F5}.Debug|x64.ActiveCfg = Debug|Any CPU
		{634905DB-05FC-437C-8DB1-C85495FC72F5}.Debug|x64.Build.0 = Debug|Any CPU
		{634905DB-05FC-437C-8DB1-C85495FC72F5}.Debug|x86.ActiveCfg = Debug|x86
		{634905DB-05FC-437C-8DB1-C85495FC72F5}.Debug|x86.Build.0 = Debug|x86
		{634905DB-05FC-437C-8DB1-C85495FC72F5}.Release|Any CPU.ActiveCfg = Release|Any CPU
		{634905DB-05FC-437C-8DB1-C85495FC72F5}.Release|Any CPU.Build.0 = Release|Any CPU
		{634905DB-05FC-437C-8DB1-C85495FC72F5}.Release|x64.ActiveCfg = Release|x64
		{634905DB-05FC-437C-8DB1-C85495FC72F5}.Release|x64.Build.0 = Release|x64
		{634905DB-05FC-437C-8DB1-C85495FC72F5}.Release|x86.ActiveCfg = Release|x86
		{634905DB-05FC-437C-8DB1-C85495FC72F5}.Release|x86.Build.0 = Release|x86
		{6ECFD33C-C5B4-4679-8B4F-E95F93EE218E}.Debug|Any CPU.ActiveCfg = Debug|Any CPU
		{6ECFD33C-C5B4-4679-8B4F-E95F93EE218E}.Debug|Any CPU.Build.0 = Debug|Any CPU
		{6ECFD33C-C5B4-4679-8B4F-E95F93EE218E}.Debug|x64.ActiveCfg = Debug|Any CPU
		{6ECFD33C-C5B4-4679-8B4F-E95F93EE218E}.Debug|x64.Build.0 = Debug|Any CPU
		{6ECFD33C-C5B4-4679-8B4F-E95F93EE218E}.Debug|x86.ActiveCfg = Debug|x86
		{6ECFD33C-C5B4-4679-8B4F-E95F93EE218E}.Debug|x86.Build.0 = Debug|x86
		{6ECFD33C-C5B4-4679-8B4F-E95F93EE218E}.Release|Any CPU.ActiveCfg = Release|Any CPU
		{6ECFD33C-C5B4-4679-8B4F-E95F93EE218E}.Release|Any CPU.Build.0 = Release|Any CPU
		{6ECFD33C-C5B4-4679-8B4F-E95F93EE218E}.Release|x64.ActiveCfg = Release|x64
		{6ECFD33C-C5B4-4679-8B4F-E95F93EE218E}.Release|x64.Build.0 = Release|x64
		{6ECFD33C-C5B4-4679-8B4F-E95F93EE218E}.Release|x86.ActiveCfg = Release|x86
		{6ECFD33C-C5B4-4679-8B4F-E95F93EE218E}.Release|x86.Build.0 = Release|x86
		{ACCB11C1-8C6B-433F-B2A4-2B0048D4A58E}.Debug|Any CPU.ActiveCfg = Debug|Any CPU
		{ACCB11C1-8C6B-433F-B2A4-2B0048D4A58E}.Debug|Any CPU.Build.0 = Debug|Any CPU
		{ACCB11C1-8C6B-433F-B2A4-2B0048D4A58E}.Debug|x64.ActiveCfg = Debug|Any CPU
		{ACCB11C1-8C6B-433F-B2A4-2B0048D4A58E}.Debug|x64.Build.0 = Debug|Any CPU
		{ACCB11C1-8C6B-433F-B2A4-2B0048D4A58E}.Debug|x86.ActiveCfg = Debug|x86
		{ACCB11C1-8C6B-433F-B2A4-2B0048D4A58E}.Debug|x86.Build.0 = Debug|x86
		{ACCB11C1-8C6B-433F-B2A4-2B0048D4A58E}.Release|Any CPU.ActiveCfg = Release|Any CPU
		{ACCB11C1-8C6B-433F-B2A4-2B0048D4A58E}.Release|Any CPU.Build.0 = Release|Any CPU
		{ACCB11C1-8C6B-433F-B2A4-2B0048D4A58E}.Release|x64.ActiveCfg = Release|x64
		{ACCB11C1-8C6B-433F-B2A4-2B0048D4A58E}.Release|x64.Build.0 = Release|x64
		{ACCB11C1-8C6B-433F-B2A4-2B0048D4A58E}.Release|x86.ActiveCfg = Release|x86
		{ACCB11C1-8C6B-433F-B2A4-2B0048D4A58E}.Release|x86.Build.0 = Release|x86
		{7E8B3ED3-1C91-45A8-B6F6-DDCABB48AF0D}.Debug|Any CPU.ActiveCfg = Debug|Any CPU
		{7E8B3ED3-1C91-45A8-B6F6-DDCABB48AF0D}.Debug|Any CPU.Build.0 = Debug|Any CPU
		{7E8B3ED3-1C91-45A8-B6F6-DDCABB48AF0D}.Debug|x64.ActiveCfg = Debug|Any CPU
		{7E8B3ED3-1C91-45A8-B6F6-DDCABB48AF0D}.Debug|x64.Build.0 = Debug|Any CPU
		{7E8B3ED3-1C91-45A8-B6F6-DDCABB48AF0D}.Debug|x86.ActiveCfg = Debug|Any CPU
		{7E8B3ED3-1C91-45A8-B6F6-DDCABB48AF0D}.Debug|x86.Build.0 = Debug|Any CPU
		{7E8B3ED3-1C91-45A8-B6F6-DDCABB48AF0D}.Release|Any CPU.ActiveCfg = Release|Any CPU
		{7E8B3ED3-1C91-45A8-B6F6-DDCABB48AF0D}.Release|Any CPU.Build.0 = Release|Any CPU
		{7E8B3ED3-1C91-45A8-B6F6-DDCABB48AF0D}.Release|x64.ActiveCfg = Release|x64
		{7E8B3ED3-1C91-45A8-B6F6-DDCABB48AF0D}.Release|x64.Build.0 = Release|x64
		{7E8B3ED3-1C91-45A8-B6F6-DDCABB48AF0D}.Release|x86.ActiveCfg = Release|Any CPU
		{7E8B3ED3-1C91-45A8-B6F6-DDCABB48AF0D}.Release|x86.Build.0 = Release|Any CPU
		{603741C0-8279-43D0-8B52-40E93782E4D9}.Debug|Any CPU.ActiveCfg = Debug|Any CPU
		{603741C0-8279-43D0-8B52-40E93782E4D9}.Debug|Any CPU.Build.0 = Debug|Any CPU
		{603741C0-8279-43D0-8B52-40E93782E4D9}.Debug|x64.ActiveCfg = Debug|Any CPU
		{603741C0-8279-43D0-8B52-40E93782E4D9}.Debug|x64.Build.0 = Debug|Any CPU
		{603741C0-8279-43D0-8B52-40E93782E4D9}.Debug|x86.ActiveCfg = Debug|Any CPU
		{603741C0-8279-43D0-8B52-40E93782E4D9}.Debug|x86.Build.0 = Debug|Any CPU
		{603741C0-8279-43D0-8B52-40E93782E4D9}.Release|Any CPU.ActiveCfg = Release|Any CPU
		{603741C0-8279-43D0-8B52-40E93782E4D9}.Release|Any CPU.Build.0 = Release|Any CPU
		{603741C0-8279-43D0-8B52-40E93782E4D9}.Release|x64.ActiveCfg = Release|x64
		{603741C0-8279-43D0-8B52-40E93782E4D9}.Release|x64.Build.0 = Release|x64
		{603741C0-8279-43D0-8B52-40E93782E4D9}.Release|x86.ActiveCfg = Release|Any CPU
		{603741C0-8279-43D0-8B52-40E93782E4D9}.Release|x86.Build.0 = Release|Any CPU
		{E96286DB-7787-4607-B5C3-71D470B546CB}.Debug|Any CPU.ActiveCfg = Debug|Any CPU
		{E96286DB-7787-4607-B5C3-71D470B546CB}.Debug|Any CPU.Build.0 = Debug|Any CPU
		{E96286DB-7787-4607-B5C3-71D470B546CB}.Debug|x64.ActiveCfg = Debug|Any CPU
		{E96286DB-7787-4607-B5C3-71D470B546CB}.Debug|x64.Build.0 = Debug|Any CPU
		{E96286DB-7787-4607-B5C3-71D470B546CB}.Debug|x86.ActiveCfg = Debug|Any CPU
		{E96286DB-7787-4607-B5C3-71D470B546CB}.Debug|x86.Build.0 = Debug|Any CPU
		{E96286DB-7787-4607-B5C3-71D470B546CB}.Release|Any CPU.ActiveCfg = Release|Any CPU
		{E96286DB-7787-4607-B5C3-71D470B546CB}.Release|Any CPU.Build.0 = Release|Any CPU
		{E96286DB-7787-4607-B5C3-71D470B546CB}.Release|x64.ActiveCfg = Release|x64
		{E96286DB-7787-4607-B5C3-71D470B546CB}.Release|x64.Build.0 = Release|x64
		{E96286DB-7787-4607-B5C3-71D470B546CB}.Release|x86.ActiveCfg = Release|Any CPU
		{E96286DB-7787-4607-B5C3-71D470B546CB}.Release|x86.Build.0 = Release|Any CPU
		{D531A7C7-B641-4E92-A050-11D152C8F395}.Debug|Any CPU.ActiveCfg = Debug|Any CPU
		{D531A7C7-B641-4E92-A050-11D152C8F395}.Debug|Any CPU.Build.0 = Debug|Any CPU
		{D531A7C7-B641-4E92-A050-11D152C8F395}.Debug|x64.ActiveCfg = Debug|Any CPU
		{D531A7C7-B641-4E92-A050-11D152C8F395}.Debug|x64.Build.0 = Debug|Any CPU
		{D531A7C7-B641-4E92-A050-11D152C8F395}.Debug|x86.ActiveCfg = Debug|Any CPU
		{D531A7C7-B641-4E92-A050-11D152C8F395}.Debug|x86.Build.0 = Debug|Any CPU
		{D531A7C7-B641-4E92-A050-11D152C8F395}.Release|Any CPU.ActiveCfg = Release|Any CPU
		{D531A7C7-B641-4E92-A050-11D152C8F395}.Release|Any CPU.Build.0 = Release|Any CPU
		{D531A7C7-B641-4E92-A050-11D152C8F395}.Release|x64.ActiveCfg = Release|x64
		{D531A7C7-B641-4E92-A050-11D152C8F395}.Release|x64.Build.0 = Release|x64
		{D531A7C7-B641-4E92-A050-11D152C8F395}.Release|x86.ActiveCfg = Release|Any CPU
		{D531A7C7-B641-4E92-A050-11D152C8F395}.Release|x86.Build.0 = Release|Any CPU
		{905411F7-C552-43B5-8A5B-37F3753E2358}.Debug|Any CPU.ActiveCfg = Debug|Any CPU
		{905411F7-C552-43B5-8A5B-37F3753E2358}.Debug|Any CPU.Build.0 = Debug|Any CPU
		{905411F7-C552-43B5-8A5B-37F3753E2358}.Debug|x64.ActiveCfg = Debug|Any CPU
		{905411F7-C552-43B5-8A5B-37F3753E2358}.Debug|x64.Build.0 = Debug|Any CPU
		{905411F7-C552-43B5-8A5B-37F3753E2358}.Debug|x86.ActiveCfg = Debug|Any CPU
		{905411F7-C552-43B5-8A5B-37F3753E2358}.Debug|x86.Build.0 = Debug|Any CPU
		{905411F7-C552-43B5-8A5B-37F3753E2358}.Release|Any CPU.ActiveCfg = Release|Any CPU
		{905411F7-C552-43B5-8A5B-37F3753E2358}.Release|Any CPU.Build.0 = Release|Any CPU
		{905411F7-C552-43B5-8A5B-37F3753E2358}.Release|x64.ActiveCfg = Release|x64
		{905411F7-C552-43B5-8A5B-37F3753E2358}.Release|x64.Build.0 = Release|x64
		{905411F7-C552-43B5-8A5B-37F3753E2358}.Release|x86.ActiveCfg = Release|Any CPU
		{905411F7-C552-43B5-8A5B-37F3753E2358}.Release|x86.Build.0 = Release|Any CPU
		{29A66677-771C-40D5-A638-B7A58DAB2BCF}.Debug|Any CPU.ActiveCfg = Debug|Any CPU
		{29A66677-771C-40D5-A638-B7A58DAB2BCF}.Debug|Any CPU.Build.0 = Debug|Any CPU
		{29A66677-771C-40D5-A638-B7A58DAB2BCF}.Debug|x64.ActiveCfg = Debug|Any CPU
		{29A66677-771C-40D5-A638-B7A58DAB2BCF}.Debug|x64.Build.0 = Debug|Any CPU
		{29A66677-771C-40D5-A638-B7A58DAB2BCF}.Debug|x86.ActiveCfg = Debug|Any CPU
		{29A66677-771C-40D5-A638-B7A58DAB2BCF}.Debug|x86.Build.0 = Debug|Any CPU
		{29A66677-771C-40D5-A638-B7A58DAB2BCF}.Release|Any CPU.ActiveCfg = Release|Any CPU
		{29A66677-771C-40D5-A638-B7A58DAB2BCF}.Release|Any CPU.Build.0 = Release|Any CPU
		{29A66677-771C-40D5-A638-B7A58DAB2BCF}.Release|x64.ActiveCfg = Release|x64
		{29A66677-771C-40D5-A638-B7A58DAB2BCF}.Release|x64.Build.0 = Release|x64
		{29A66677-771C-40D5-A638-B7A58DAB2BCF}.Release|x86.ActiveCfg = Release|Any CPU
		{29A66677-771C-40D5-A638-B7A58DAB2BCF}.Release|x86.Build.0 = Release|Any CPU
		{43A0B2D5-14B4-46B6-B31A-657DF49222D4}.Debug|Any CPU.ActiveCfg = Debug|Any CPU
		{43A0B2D5-14B4-46B6-B31A-657DF49222D4}.Debug|Any CPU.Build.0 = Debug|Any CPU
		{43A0B2D5-14B4-46B6-B31A-657DF49222D4}.Debug|x64.ActiveCfg = Debug|Any CPU
		{43A0B2D5-14B4-46B6-B31A-657DF49222D4}.Debug|x64.Build.0 = Debug|Any CPU
		{43A0B2D5-14B4-46B6-B31A-657DF49222D4}.Debug|x86.ActiveCfg = Debug|Any CPU
		{43A0B2D5-14B4-46B6-B31A-657DF49222D4}.Debug|x86.Build.0 = Debug|Any CPU
		{43A0B2D5-14B4-46B6-B31A-657DF49222D4}.Release|Any CPU.ActiveCfg = Release|Any CPU
		{43A0B2D5-14B4-46B6-B31A-657DF49222D4}.Release|Any CPU.Build.0 = Release|Any CPU
		{43A0B2D5-14B4-46B6-B31A-657DF49222D4}.Release|x64.ActiveCfg = Release|x64
		{43A0B2D5-14B4-46B6-B31A-657DF49222D4}.Release|x64.Build.0 = Release|x64
		{43A0B2D5-14B4-46B6-B31A-657DF49222D4}.Release|x86.ActiveCfg = Release|Any CPU
		{43A0B2D5-14B4-46B6-B31A-657DF49222D4}.Release|x86.Build.0 = Release|Any CPU
		{737FABB5-3E71-410D-8EC8-357A1D881E60}.Debug|Any CPU.ActiveCfg = Debug|Any CPU
		{737FABB5-3E71-410D-8EC8-357A1D881E60}.Debug|Any CPU.Build.0 = Debug|Any CPU
		{737FABB5-3E71-410D-8EC8-357A1D881E60}.Debug|x64.ActiveCfg = Debug|Any CPU
		{737FABB5-3E71-410D-8EC8-357A1D881E60}.Debug|x64.Build.0 = Debug|Any CPU
		{737FABB5-3E71-410D-8EC8-357A1D881E60}.Debug|x86.ActiveCfg = Debug|Any CPU
		{737FABB5-3E71-410D-8EC8-357A1D881E60}.Debug|x86.Build.0 = Debug|Any CPU
		{737FABB5-3E71-410D-8EC8-357A1D881E60}.Release|Any CPU.ActiveCfg = Release|Any CPU
		{737FABB5-3E71-410D-8EC8-357A1D881E60}.Release|Any CPU.Build.0 = Release|Any CPU
		{737FABB5-3E71-410D-8EC8-357A1D881E60}.Release|x64.ActiveCfg = Release|x64
		{737FABB5-3E71-410D-8EC8-357A1D881E60}.Release|x64.Build.0 = Release|x64
		{737FABB5-3E71-410D-8EC8-357A1D881E60}.Release|x86.ActiveCfg = Release|Any CPU
		{737FABB5-3E71-410D-8EC8-357A1D881E60}.Release|x86.Build.0 = Release|Any CPU
		{7736938D-4E6F-4D96-BC16-889B4C919009}.Debug|Any CPU.ActiveCfg = Debug|Any CPU
		{7736938D-4E6F-4D96-BC16-889B4C919009}.Debug|Any CPU.Build.0 = Debug|Any CPU
		{7736938D-4E6F-4D96-BC16-889B4C919009}.Debug|x64.ActiveCfg = Debug|Any CPU
		{7736938D-4E6F-4D96-BC16-889B4C919009}.Debug|x64.Build.0 = Debug|Any CPU
		{7736938D-4E6F-4D96-BC16-889B4C919009}.Debug|x86.ActiveCfg = Debug|Any CPU
		{7736938D-4E6F-4D96-BC16-889B4C919009}.Debug|x86.Build.0 = Debug|Any CPU
		{7736938D-4E6F-4D96-BC16-889B4C919009}.Release|Any CPU.ActiveCfg = Release|Any CPU
		{7736938D-4E6F-4D96-BC16-889B4C919009}.Release|Any CPU.Build.0 = Release|Any CPU
		{7736938D-4E6F-4D96-BC16-889B4C919009}.Release|x64.ActiveCfg = Release|x64
		{7736938D-4E6F-4D96-BC16-889B4C919009}.Release|x64.Build.0 = Release|x64
		{7736938D-4E6F-4D96-BC16-889B4C919009}.Release|x86.ActiveCfg = Release|Any CPU
		{7736938D-4E6F-4D96-BC16-889B4C919009}.Release|x86.Build.0 = Release|Any CPU
		{C15C0077-0EC6-48A9-932D-25E2DC2AA79C}.Debug|Any CPU.ActiveCfg = Debug|Any CPU
		{C15C0077-0EC6-48A9-932D-25E2DC2AA79C}.Debug|Any CPU.Build.0 = Debug|Any CPU
		{C15C0077-0EC6-48A9-932D-25E2DC2AA79C}.Debug|x64.ActiveCfg = Debug|Any CPU
		{C15C0077-0EC6-48A9-932D-25E2DC2AA79C}.Debug|x64.Build.0 = Debug|Any CPU
		{C15C0077-0EC6-48A9-932D-25E2DC2AA79C}.Debug|x86.ActiveCfg = Debug|x86
		{C15C0077-0EC6-48A9-932D-25E2DC2AA79C}.Debug|x86.Build.0 = Debug|x86
		{C15C0077-0EC6-48A9-932D-25E2DC2AA79C}.Release|Any CPU.ActiveCfg = Release|Any CPU
		{C15C0077-0EC6-48A9-932D-25E2DC2AA79C}.Release|Any CPU.Build.0 = Release|Any CPU
		{C15C0077-0EC6-48A9-932D-25E2DC2AA79C}.Release|x64.ActiveCfg = Release|x64
		{C15C0077-0EC6-48A9-932D-25E2DC2AA79C}.Release|x64.Build.0 = Release|x64
		{C15C0077-0EC6-48A9-932D-25E2DC2AA79C}.Release|x86.ActiveCfg = Release|x86
		{C15C0077-0EC6-48A9-932D-25E2DC2AA79C}.Release|x86.Build.0 = Release|x86
		{39564F04-823C-4194-831B-82FDB0E554AA}.Debug|Any CPU.ActiveCfg = Debug|Any CPU
		{39564F04-823C-4194-831B-82FDB0E554AA}.Debug|Any CPU.Build.0 = Debug|Any CPU
		{39564F04-823C-4194-831B-82FDB0E554AA}.Debug|x64.ActiveCfg = Debug|Any CPU
		{39564F04-823C-4194-831B-82FDB0E554AA}.Debug|x64.Build.0 = Debug|Any CPU
		{39564F04-823C-4194-831B-82FDB0E554AA}.Debug|x86.ActiveCfg = Debug|Any CPU
		{39564F04-823C-4194-831B-82FDB0E554AA}.Debug|x86.Build.0 = Debug|Any CPU
		{39564F04-823C-4194-831B-82FDB0E554AA}.Release|Any CPU.ActiveCfg = Release|Any CPU
		{39564F04-823C-4194-831B-82FDB0E554AA}.Release|Any CPU.Build.0 = Release|Any CPU
		{39564F04-823C-4194-831B-82FDB0E554AA}.Release|x64.ActiveCfg = Release|x64
		{39564F04-823C-4194-831B-82FDB0E554AA}.Release|x64.Build.0 = Release|x64
		{39564F04-823C-4194-831B-82FDB0E554AA}.Release|x86.ActiveCfg = Release|Any CPU
		{39564F04-823C-4194-831B-82FDB0E554AA}.Release|x86.Build.0 = Release|Any CPU
		{E01217AF-C02C-4A35-B79D-E1B13884FFF8}.Debug|Any CPU.ActiveCfg = Debug|Any CPU
		{E01217AF-C02C-4A35-B79D-E1B13884FFF8}.Debug|Any CPU.Build.0 = Debug|Any CPU
		{E01217AF-C02C-4A35-B79D-E1B13884FFF8}.Debug|x64.ActiveCfg = Debug|Any CPU
		{E01217AF-C02C-4A35-B79D-E1B13884FFF8}.Debug|x64.Build.0 = Debug|Any CPU
		{E01217AF-C02C-4A35-B79D-E1B13884FFF8}.Debug|x86.ActiveCfg = Debug|Any CPU
		{E01217AF-C02C-4A35-B79D-E1B13884FFF8}.Debug|x86.Build.0 = Debug|Any CPU
		{E01217AF-C02C-4A35-B79D-E1B13884FFF8}.Release|Any CPU.ActiveCfg = Release|Any CPU
		{E01217AF-C02C-4A35-B79D-E1B13884FFF8}.Release|Any CPU.Build.0 = Release|Any CPU
		{E01217AF-C02C-4A35-B79D-E1B13884FFF8}.Release|x64.ActiveCfg = Release|x64
		{E01217AF-C02C-4A35-B79D-E1B13884FFF8}.Release|x64.Build.0 = Release|x64
		{E01217AF-C02C-4A35-B79D-E1B13884FFF8}.Release|x86.ActiveCfg = Release|Any CPU
		{E01217AF-C02C-4A35-B79D-E1B13884FFF8}.Release|x86.Build.0 = Release|Any CPU
		{AE3FD99E-AC09-4728-B36E-3BADA4D945A2}.Debug|Any CPU.ActiveCfg = Debug|Any CPU
		{AE3FD99E-AC09-4728-B36E-3BADA4D945A2}.Debug|Any CPU.Build.0 = Debug|Any CPU
		{AE3FD99E-AC09-4728-B36E-3BADA4D945A2}.Debug|x64.ActiveCfg = Debug|Any CPU
		{AE3FD99E-AC09-4728-B36E-3BADA4D945A2}.Debug|x64.Build.0 = Debug|Any CPU
		{AE3FD99E-AC09-4728-B36E-3BADA4D945A2}.Debug|x86.ActiveCfg = Debug|Any CPU
		{AE3FD99E-AC09-4728-B36E-3BADA4D945A2}.Debug|x86.Build.0 = Debug|Any CPU
		{AE3FD99E-AC09-4728-B36E-3BADA4D945A2}.Release|Any CPU.ActiveCfg = Release|Any CPU
		{AE3FD99E-AC09-4728-B36E-3BADA4D945A2}.Release|Any CPU.Build.0 = Release|Any CPU
		{AE3FD99E-AC09-4728-B36E-3BADA4D945A2}.Release|x64.ActiveCfg = Release|x64
		{AE3FD99E-AC09-4728-B36E-3BADA4D945A2}.Release|x64.Build.0 = Release|x64
		{AE3FD99E-AC09-4728-B36E-3BADA4D945A2}.Release|x86.ActiveCfg = Release|Any CPU
		{AE3FD99E-AC09-4728-B36E-3BADA4D945A2}.Release|x86.Build.0 = Release|Any CPU
		{E4E17C00-8B15-47C1-BF25-81A02E82702D}.Debug|Any CPU.ActiveCfg = Debug|Any CPU
		{E4E17C00-8B15-47C1-BF25-81A02E82702D}.Debug|Any CPU.Build.0 = Debug|Any CPU
		{E4E17C00-8B15-47C1-BF25-81A02E82702D}.Debug|x64.ActiveCfg = Debug|Any CPU
		{E4E17C00-8B15-47C1-BF25-81A02E82702D}.Debug|x64.Build.0 = Debug|Any CPU
		{E4E17C00-8B15-47C1-BF25-81A02E82702D}.Debug|x86.ActiveCfg = Debug|Any CPU
		{E4E17C00-8B15-47C1-BF25-81A02E82702D}.Debug|x86.Build.0 = Debug|Any CPU
		{E4E17C00-8B15-47C1-BF25-81A02E82702D}.Release|Any CPU.ActiveCfg = Release|Any CPU
		{E4E17C00-8B15-47C1-BF25-81A02E82702D}.Release|Any CPU.Build.0 = Release|Any CPU
		{E4E17C00-8B15-47C1-BF25-81A02E82702D}.Release|x64.ActiveCfg = Release|x64
		{E4E17C00-8B15-47C1-BF25-81A02E82702D}.Release|x64.Build.0 = Release|x64
		{E4E17C00-8B15-47C1-BF25-81A02E82702D}.Release|x86.ActiveCfg = Release|Any CPU
		{E4E17C00-8B15-47C1-BF25-81A02E82702D}.Release|x86.Build.0 = Release|Any CPU
		{46BD9B86-550D-49C2-99ED-FD49E0A82442}.Debug|Any CPU.ActiveCfg = Debug|Any CPU
		{46BD9B86-550D-49C2-99ED-FD49E0A82442}.Debug|Any CPU.Build.0 = Debug|Any CPU
		{46BD9B86-550D-49C2-99ED-FD49E0A82442}.Debug|x64.ActiveCfg = Debug|Any CPU
		{46BD9B86-550D-49C2-99ED-FD49E0A82442}.Debug|x64.Build.0 = Debug|Any CPU
		{46BD9B86-550D-49C2-99ED-FD49E0A82442}.Debug|x86.ActiveCfg = Debug|x86
		{46BD9B86-550D-49C2-99ED-FD49E0A82442}.Debug|x86.Build.0 = Debug|x86
		{46BD9B86-550D-49C2-99ED-FD49E0A82442}.Release|Any CPU.ActiveCfg = Release|Any CPU
		{46BD9B86-550D-49C2-99ED-FD49E0A82442}.Release|Any CPU.Build.0 = Release|Any CPU
		{46BD9B86-550D-49C2-99ED-FD49E0A82442}.Release|x64.ActiveCfg = Release|x64
		{46BD9B86-550D-49C2-99ED-FD49E0A82442}.Release|x64.Build.0 = Release|x64
		{46BD9B86-550D-49C2-99ED-FD49E0A82442}.Release|x86.ActiveCfg = Release|x86
		{46BD9B86-550D-49C2-99ED-FD49E0A82442}.Release|x86.Build.0 = Release|x86
		{B4D4117B-6002-444A-8B15-458CDBE47F21}.Debug|Any CPU.ActiveCfg = Debug|Any CPU
		{B4D4117B-6002-444A-8B15-458CDBE47F21}.Debug|Any CPU.Build.0 = Debug|Any CPU
		{B4D4117B-6002-444A-8B15-458CDBE47F21}.Debug|x64.ActiveCfg = Debug|Any CPU
		{B4D4117B-6002-444A-8B15-458CDBE47F21}.Debug|x64.Build.0 = Debug|Any CPU
		{B4D4117B-6002-444A-8B15-458CDBE47F21}.Debug|x86.ActiveCfg = Debug|Any CPU
		{B4D4117B-6002-444A-8B15-458CDBE47F21}.Debug|x86.Build.0 = Debug|Any CPU
		{B4D4117B-6002-444A-8B15-458CDBE47F21}.Release|Any CPU.ActiveCfg = Release|Any CPU
		{B4D4117B-6002-444A-8B15-458CDBE47F21}.Release|Any CPU.Build.0 = Release|Any CPU
		{B4D4117B-6002-444A-8B15-458CDBE47F21}.Release|x64.ActiveCfg = Release|x64
		{B4D4117B-6002-444A-8B15-458CDBE47F21}.Release|x64.Build.0 = Release|x64
		{B4D4117B-6002-444A-8B15-458CDBE47F21}.Release|x86.ActiveCfg = Release|Any CPU
		{B4D4117B-6002-444A-8B15-458CDBE47F21}.Release|x86.Build.0 = Release|Any CPU
		{E257DDDC-F5F6-4A53-90B0-5337E69C74FD}.Debug|Any CPU.ActiveCfg = Debug|Any CPU
		{E257DDDC-F5F6-4A53-90B0-5337E69C74FD}.Debug|Any CPU.Build.0 = Debug|Any CPU
		{E257DDDC-F5F6-4A53-90B0-5337E69C74FD}.Debug|x64.ActiveCfg = Debug|Any CPU
		{E257DDDC-F5F6-4A53-90B0-5337E69C74FD}.Debug|x64.Build.0 = Debug|Any CPU
		{E257DDDC-F5F6-4A53-90B0-5337E69C74FD}.Debug|x86.ActiveCfg = Debug|Any CPU
		{E257DDDC-F5F6-4A53-90B0-5337E69C74FD}.Debug|x86.Build.0 = Debug|Any CPU
		{E257DDDC-F5F6-4A53-90B0-5337E69C74FD}.Release|Any CPU.ActiveCfg = Release|Any CPU
		{E257DDDC-F5F6-4A53-90B0-5337E69C74FD}.Release|Any CPU.Build.0 = Release|Any CPU
		{E257DDDC-F5F6-4A53-90B0-5337E69C74FD}.Release|x64.ActiveCfg = Release|x64
		{E257DDDC-F5F6-4A53-90B0-5337E69C74FD}.Release|x64.Build.0 = Release|x64
		{E257DDDC-F5F6-4A53-90B0-5337E69C74FD}.Release|x86.ActiveCfg = Release|Any CPU
		{E257DDDC-F5F6-4A53-90B0-5337E69C74FD}.Release|x86.Build.0 = Release|Any CPU
		{C962D108-6364-40A3-BE93-83C2D0E34874}.Debug|Any CPU.ActiveCfg = Debug|Any CPU
		{C962D108-6364-40A3-BE93-83C2D0E34874}.Debug|Any CPU.Build.0 = Debug|Any CPU
		{C962D108-6364-40A3-BE93-83C2D0E34874}.Debug|x64.ActiveCfg = Debug|Any CPU
		{C962D108-6364-40A3-BE93-83C2D0E34874}.Debug|x64.Build.0 = Debug|Any CPU
		{C962D108-6364-40A3-BE93-83C2D0E34874}.Debug|x86.ActiveCfg = Debug|Any CPU
		{C962D108-6364-40A3-BE93-83C2D0E34874}.Debug|x86.Build.0 = Debug|Any CPU
		{C962D108-6364-40A3-BE93-83C2D0E34874}.Release|Any CPU.ActiveCfg = Release|Any CPU
		{C962D108-6364-40A3-BE93-83C2D0E34874}.Release|Any CPU.Build.0 = Release|Any CPU
		{C962D108-6364-40A3-BE93-83C2D0E34874}.Release|x64.ActiveCfg = Release|x64
		{C962D108-6364-40A3-BE93-83C2D0E34874}.Release|x64.Build.0 = Release|x64
		{C962D108-6364-40A3-BE93-83C2D0E34874}.Release|x86.ActiveCfg = Release|Any CPU
		{C962D108-6364-40A3-BE93-83C2D0E34874}.Release|x86.Build.0 = Release|Any CPU
		{6816FC48-681F-417C-A4AE-326A06882993}.Debug|Any CPU.ActiveCfg = Debug|Any CPU
		{6816FC48-681F-417C-A4AE-326A06882993}.Debug|Any CPU.Build.0 = Debug|Any CPU
		{6816FC48-681F-417C-A4AE-326A06882993}.Debug|x64.ActiveCfg = Debug|Any CPU
		{6816FC48-681F-417C-A4AE-326A06882993}.Debug|x64.Build.0 = Debug|Any CPU
		{6816FC48-681F-417C-A4AE-326A06882993}.Debug|x86.ActiveCfg = Debug|Any CPU
		{6816FC48-681F-417C-A4AE-326A06882993}.Debug|x86.Build.0 = Debug|Any CPU
		{6816FC48-681F-417C-A4AE-326A06882993}.Release|Any CPU.ActiveCfg = Release|Any CPU
		{6816FC48-681F-417C-A4AE-326A06882993}.Release|Any CPU.Build.0 = Release|Any CPU
		{6816FC48-681F-417C-A4AE-326A06882993}.Release|x64.ActiveCfg = Release|x64
		{6816FC48-681F-417C-A4AE-326A06882993}.Release|x64.Build.0 = Release|x64
		{6816FC48-681F-417C-A4AE-326A06882993}.Release|x86.ActiveCfg = Release|Any CPU
		{6816FC48-681F-417C-A4AE-326A06882993}.Release|x86.Build.0 = Release|Any CPU
		{5F692DF2-81B5-4F42-A669-BD7D7A8713C1}.Debug|Any CPU.ActiveCfg = Debug|Any CPU
		{5F692DF2-81B5-4F42-A669-BD7D7A8713C1}.Debug|Any CPU.Build.0 = Debug|Any CPU
		{5F692DF2-81B5-4F42-A669-BD7D7A8713C1}.Debug|x64.ActiveCfg = Debug|Any CPU
		{5F692DF2-81B5-4F42-A669-BD7D7A8713C1}.Debug|x64.Build.0 = Debug|Any CPU
		{5F692DF2-81B5-4F42-A669-BD7D7A8713C1}.Debug|x86.ActiveCfg = Debug|Any CPU
		{5F692DF2-81B5-4F42-A669-BD7D7A8713C1}.Debug|x86.Build.0 = Debug|Any CPU
		{5F692DF2-81B5-4F42-A669-BD7D7A8713C1}.Release|Any CPU.ActiveCfg = Release|Any CPU
		{5F692DF2-81B5-4F42-A669-BD7D7A8713C1}.Release|Any CPU.Build.0 = Release|Any CPU
		{5F692DF2-81B5-4F42-A669-BD7D7A8713C1}.Release|x64.ActiveCfg = Release|x64
		{5F692DF2-81B5-4F42-A669-BD7D7A8713C1}.Release|x64.Build.0 = Release|x64
		{5F692DF2-81B5-4F42-A669-BD7D7A8713C1}.Release|x86.ActiveCfg = Release|Any CPU
		{5F692DF2-81B5-4F42-A669-BD7D7A8713C1}.Release|x86.Build.0 = Release|Any CPU
		{E1AC90CF-1D2D-4C14-A8D4-3C6C0E4F0BB6}.Debug|Any CPU.ActiveCfg = Debug|Any CPU
		{E1AC90CF-1D2D-4C14-A8D4-3C6C0E4F0BB6}.Debug|Any CPU.Build.0 = Debug|Any CPU
		{E1AC90CF-1D2D-4C14-A8D4-3C6C0E4F0BB6}.Debug|x64.ActiveCfg = Debug|Any CPU
		{E1AC90CF-1D2D-4C14-A8D4-3C6C0E4F0BB6}.Debug|x64.Build.0 = Debug|Any CPU
		{E1AC90CF-1D2D-4C14-A8D4-3C6C0E4F0BB6}.Debug|x86.ActiveCfg = Debug|x86
		{E1AC90CF-1D2D-4C14-A8D4-3C6C0E4F0BB6}.Debug|x86.Build.0 = Debug|x86
		{E1AC90CF-1D2D-4C14-A8D4-3C6C0E4F0BB6}.Release|Any CPU.ActiveCfg = Release|Any CPU
		{E1AC90CF-1D2D-4C14-A8D4-3C6C0E4F0BB6}.Release|Any CPU.Build.0 = Release|Any CPU
		{E1AC90CF-1D2D-4C14-A8D4-3C6C0E4F0BB6}.Release|x64.ActiveCfg = Release|x64
		{E1AC90CF-1D2D-4C14-A8D4-3C6C0E4F0BB6}.Release|x64.Build.0 = Release|x64
		{E1AC90CF-1D2D-4C14-A8D4-3C6C0E4F0BB6}.Release|x86.ActiveCfg = Release|x86
		{E1AC90CF-1D2D-4C14-A8D4-3C6C0E4F0BB6}.Release|x86.Build.0 = Release|x86
	EndGlobalSection
	GlobalSection(SolutionProperties) = preSolution
		HideSolutionNode = FALSE
	EndGlobalSection
	GlobalSection(NestedProjects) = preSolution
		{9979196F-3E72-40CE-8D5D-82116456FAE5} = {5442354D-11D8-4971-9C50-569F8D2E982F}
		{673FB4B5-EADC-4D66-BC7F-97D485744DE1} = {22D8D119-4F42-427E-9B14-8FF4FE8CC722}
		{776B9811-E3E0-4980-B52C-156A15AE018B} = {FE1A975E-4A44-4FD3-8C43-CE29DD619FE1}
		{D9BFE565-F763-4D8C-BAB6-F34366B8AD38} = {FE1A975E-4A44-4FD3-8C43-CE29DD619FE1}
		{10837933-DA6D-4127-BB2A-F4A1FB10487F} = {5442354D-11D8-4971-9C50-569F8D2E982F}
		{A371CDB0-1DD0-4369-890B-040DEF1733CB} = {22D8D119-4F42-427E-9B14-8FF4FE8CC722}
		{DA3BCA2D-E8D1-4025-B574-3FFDFCDDB175} = {22D8D119-4F42-427E-9B14-8FF4FE8CC722}
		{634905DB-05FC-437C-8DB1-C85495FC72F5} = {FE1A975E-4A44-4FD3-8C43-CE29DD619FE1}
		{6ECFD33C-C5B4-4679-8B4F-E95F93EE218E} = {FE1A975E-4A44-4FD3-8C43-CE29DD619FE1}
		{ACCB11C1-8C6B-433F-B2A4-2B0048D4A58E} = {68F92D9F-46BA-45FE-974C-FEF865A0683B}
		{7E8B3ED3-1C91-45A8-B6F6-DDCABB48AF0D} = {14905E73-62DC-4E3C-A10A-2732927642D5}
		{603741C0-8279-43D0-8B52-40E93782E4D9} = {68F92D9F-46BA-45FE-974C-FEF865A0683B}
		{E96286DB-7787-4607-B5C3-71D470B546CB} = {68F92D9F-46BA-45FE-974C-FEF865A0683B}
		{D531A7C7-B641-4E92-A050-11D152C8F395} = {68F92D9F-46BA-45FE-974C-FEF865A0683B}
		{905411F7-C552-43B5-8A5B-37F3753E2358} = {68F92D9F-46BA-45FE-974C-FEF865A0683B}
		{29A66677-771C-40D5-A638-B7A58DAB2BCF} = {FE1A975E-4A44-4FD3-8C43-CE29DD619FE1}
		{43A0B2D5-14B4-46B6-B31A-657DF49222D4} = {68F92D9F-46BA-45FE-974C-FEF865A0683B}
		{737FABB5-3E71-410D-8EC8-357A1D881E60} = {FE1A975E-4A44-4FD3-8C43-CE29DD619FE1}
		{7736938D-4E6F-4D96-BC16-889B4C919009} = {FE1A975E-4A44-4FD3-8C43-CE29DD619FE1}
		{C15C0077-0EC6-48A9-932D-25E2DC2AA79C} = {68F92D9F-46BA-45FE-974C-FEF865A0683B}
		{39564F04-823C-4194-831B-82FDB0E554AA} = {68F92D9F-46BA-45FE-974C-FEF865A0683B}
		{E01217AF-C02C-4A35-B79D-E1B13884FFF8} = {FE1A975E-4A44-4FD3-8C43-CE29DD619FE1}
		{AE3FD99E-AC09-4728-B36E-3BADA4D945A2} = {621DAB91-CACA-4808-B738-8302CD2983E1}
		{E4E17C00-8B15-47C1-BF25-81A02E82702D} = {621DAB91-CACA-4808-B738-8302CD2983E1}
		{46BD9B86-550D-49C2-99ED-FD49E0A82442} = {621DAB91-CACA-4808-B738-8302CD2983E1}
		{B4D4117B-6002-444A-8B15-458CDBE47F21} = {FE1A975E-4A44-4FD3-8C43-CE29DD619FE1}
		{E257DDDC-F5F6-4A53-90B0-5337E69C74FD} = {FE1A975E-4A44-4FD3-8C43-CE29DD619FE1}
		{C962D108-6364-40A3-BE93-83C2D0E34874} = {68F92D9F-46BA-45FE-974C-FEF865A0683B}
		{6816FC48-681F-417C-A4AE-326A06882993} = {68F92D9F-46BA-45FE-974C-FEF865A0683B}
		{5F692DF2-81B5-4F42-A669-BD7D7A8713C1} = {22D8D119-4F42-427E-9B14-8FF4FE8CC722}
		{E1AC90CF-1D2D-4C14-A8D4-3C6C0E4F0BB6} = {22D8D119-4F42-427E-9B14-8FF4FE8CC722}
	EndGlobalSection
	GlobalSection(ExtensibilityGlobals) = postSolution
		SolutionGuid = {66C6FDB4-B5A1-485D-A69F-DF97F572BDF3}
	EndGlobalSection
EndGlobal
